{
  "requires": true,
  "lockfileVersion": 1,
  "dependencies": {
    "picla": {
      "version": "0.8.3",
      "resolved": "https://registry.npmjs.org/picla/-/picla-0.8.3.tgz",
      "integrity": "sha512-ajajyfvcTP35sn8YGM99yQvxfQLkM0lzDCKLLFWtany1q9XQqfumkmujJ911aR5DHFMkkxrDjOrmTDs9YQgJgg=="
    }
  }
}
